
Microsoft Visual Studio Solution File, Format Version 12.00
# Visual Studio Version 17
VisualStudioVersion = 17.0.31912.275
MinimumVisualStudioVersion = 10.0.40219.1
Project("{9A19103F-16F7-4668-BE54-9A1E7A4F7556}") = "AppForms", "AppForms.csproj", "{6F3B592D-6DAF-4843-9D6F-33D3DB4073D8}"
EndProject
Project("{FAE04EC0-301F-11D3-BF4B-00C04F79EFBC}") = "DataLayerNET", "..\DataLayerNET\DataLayerNET.csproj", "{842A5420-33E6-41E9-B609-6EA6FFA21C36}"
EndProject
Global
	GlobalSection(SolutionConfigurationPlatforms) = preSolution
		Debug|Any CPU = Debug|Any CPU
		Release|Any CPU = Release|Any CPU
	EndGlobalSection
	GlobalSection(ProjectConfigurationPlatforms) = postSolution
		{6F3B592D-6DAF-4843-9D6F-33D3DB4073D8}.Debug|Any CPU.ActiveCfg = Debug|Any CPU
		{6F3B592D-6DAF-4843-9D6F-33D3DB4073D8}.Debug|Any CPU.Build.0 = Debug|Any CPU
		{6F3B592D-6DAF-4843-9D6F-33D3DB4073D8}.Release|Any CPU.ActiveCfg = Release|Any CPU
		{6F3B592D-6DAF-4843-9D6F-33D3DB4073D8}.Release|Any CPU.Build.0 = Release|Any CPU
		{842A5420-33E6-41E9-B609-6EA6FFA21C36}.Debug|Any CPU.ActiveCfg = Debug|Any CPU
		{842A5420-33E6-41E9-B609-6EA6FFA21C36}.Debug|Any CPU.Build.0 = Debug|Any CPU
		{842A5420-33E6-41E9-B609-6EA6FFA21C36}.Release|Any CPU.ActiveCfg = Release|Any CPU
		{842A5420-33E6-41E9-B609-6EA6FFA21C36}.Release|Any CPU.Build.0 = Release|Any CPU
	EndGlobalSection
	GlobalSection(SolutionProperties) = preSolution
		HideSolutionNode = FALSE
	EndGlobalSection
	GlobalSection(ExtensibilityGlobals) = postSolution
		SolutionGuid = {72C60377-C849-46B9-A9A8-B242E204A88E}
	EndGlobalSection
EndGlobal
